
Microsoft Visual Studio Solution File, Format Version 12.00
# Visual Studio Version 17
VisualStudioVersion = 17.8.34525.116
MinimumVisualStudioVersion = 10.0.40219.1
Project("{2150E333-8FDC-42A3-9474-1A3956D46DE8}") = "Core", "Core", "{8BE74287-D98E-4DE0-81EF-4D5CAAEDA09D}"
EndProject
Project("{FAE04EC0-301F-11D3-BF4B-00C04F79EFBC}") = "UdemCarBook.Domain", "Core\UdemCarBook.Domain\UdemCarBook.Domain.csproj", "{810A78D4-E43F-4E2D-A184-70287A26FAE3}"
EndProject
Project("{2150E333-8FDC-42A3-9474-1A3956D46DE8}") = "Infrastructure", "Infrastructure", "{A2A0210A-5C00-4916-A607-57E84CB8BF2F}"
EndProject
Project("{FAE04EC0-301F-11D3-BF4B-00C04F79EFBC}") = "UdemyCarBook.Persistence", "Infrastructure\UdemyCarBook.Persistence\UdemyCarBook.Persistence.csproj", "{2A81619A-903B-4D16-9960-F233E0366DE1}"
EndProject
Project("{2150E333-8FDC-42A3-9474-1A3956D46DE8}") = "Presentation", "Presentation", "{BBCDBFAB-5666-4AC2-9491-DA8502412D95}"
EndProject
Project("{FAE04EC0-301F-11D3-BF4B-00C04F79EFBC}") = "UdemyCarBook.WebApi", "Presentation\UdemyCarBook.WebApi\UdemyCarBook.WebApi.csproj", "{4F0F2D0E-C0D1-4EB6-A894-F7B7FD450B55}"
EndProject
Project("{FAE04EC0-301F-11D3-BF4B-00C04F79EFBC}") = "UdemyCarBook.Application", "Core\UdemyCarBook.Application\UdemyCarBook.Application.csproj", "{E185FD69-869C-4F5F-9FE2-AC57F4F768E2}"
EndProject
Global
	GlobalSection(SolutionConfigurationPlatforms) = preSolution
		Debug|Any CPU = Debug|Any CPU
		Release|Any CPU = Release|Any CPU
	EndGlobalSection
	GlobalSection(ProjectConfigurationPlatforms) = postSolution
		{810A78D4-E43F-4E2D-A184-70287A26FAE3}.Debug|Any CPU.ActiveCfg = Debug|Any CPU
		{810A78D4-E43F-4E2D-A184-70287A26FAE3}.Debug|Any CPU.Build.0 = Debug|Any CPU
		{810A78D4-E43F-4E2D-A184-70287A26FAE3}.Release|Any CPU.ActiveCfg = Release|Any CPU
		{810A78D4-E43F-4E2D-A184-70287A26FAE3}.Release|Any CPU.Build.0 = Release|Any CPU
		{2A81619A-903B-4D16-9960-F233E0366DE1}.Debug|Any CPU.ActiveCfg = Debug|Any CPU
		{2A81619A-903B-4D16-9960-F233E0366DE1}.Debug|Any CPU.Build.0 = Debug|Any CPU
		{2A81619A-903B-4D16-9960-F233E0366DE1}.Release|Any CPU.ActiveCfg = Release|Any CPU
		{2A81619A-903B-4D16-9960-F233E0366DE1}.Release|Any CPU.Build.0 = Release|Any CPU
		{4F0F2D0E-C0D1-4EB6-A894-F7B7FD450B55}.Debug|Any CPU.ActiveCfg = Debug|Any CPU
		{4F0F2D0E-C0D1-4EB6-A894-F7B7FD450B55}.Debug|Any CPU.Build.0 = Debug|Any CPU
		{4F0F2D0E-C0D1-4EB6-A894-F7B7FD450B55}.Release|Any CPU.ActiveCfg = Release|Any CPU
		{4F0F2D0E-C0D1-4EB6-A894-F7B7FD450B55}.Release|Any CPU.Build.0 = Release|Any CPU
		{E185FD69-869C-4F5F-9FE2-AC57F4F768E2}.Debug|Any CPU.ActiveCfg = Debug|Any CPU
		{E185FD69-869C-4F5F-9FE2-AC57F4F768E2}.Debug|Any CPU.Build.0 = Debug|Any CPU
		{E185FD69-869C-4F5F-9FE2-AC57F4F768E2}.Release|Any CPU.ActiveCfg = Release|Any CPU
		{E185FD69-869C-4F5F-9FE2-AC57F4F768E2}.Release|Any CPU.Build.0 = Release|Any CPU
	EndGlobalSection
	GlobalSection(SolutionProperties) = preSolution
		HideSolutionNode = FALSE
	EndGlobalSection
	GlobalSection(NestedProjects) = preSolution
		{810A78D4-E43F-4E2D-A184-70287A26FAE3} = {8BE74287-D98E-4DE0-81EF-4D5CAAEDA09D}
		{2A81619A-903B-4D16-9960-F233E0366DE1} = {A2A0210A-5C00-4916-A607-57E84CB8BF2F}
		{4F0F2D0E-C0D1-4EB6-A894-F7B7FD450B55} = {BBCDBFAB-5666-4AC2-9491-DA8502412D95}
		{E185FD69-869C-4F5F-9FE2-AC57F4F768E2} = {8BE74287-D98E-4DE0-81EF-4D5CAAEDA09D}
	EndGlobalSection
	GlobalSection(ExtensibilityGlobals) = postSolution
		SolutionGuid = {14212471-1998-4B03-9E8B-2D2028632412}
	EndGlobalSection
EndGlobal
